
Microsoft Visual Studio Solution File, Format Version 12.00
# Visual Studio Version 17
VisualStudioVersion = 17.4.33213.308
MinimumVisualStudioVersion = 10.0.40219.1
Project("{9A19103F-16F7-4668-BE54-9A1E7A4F7556}") = "WPFUtility", "WPFUtility\WPFUtility.csproj", "{DF1C78C9-5C1A-4524-8B34-CD959D144ACE}"
EndProject
Project("{9A19103F-16F7-4668-BE54-9A1E7A4F7556}") = "VisualizerControl", "VisualizerControl\VisualizerControl.csproj", "{59052C21-31F0-4DA5-A8B7-C45A41729E11}"
EndProject
Project("{9A19103F-16F7-4668-BE54-9A1E7A4F7556}") = "VisualizerBaseClasses", "VisualizerBaseClasses\VisualizerBaseClasses.csproj", "{F83C3822-2994-46AD-AA0A-94C9AB745D9F}"
EndProject
Project("{9A19103F-16F7-4668-BE54-9A1E7A4F7556}") = "PredatorPreyVisualizer", "PredatorPreyVisualizer\PredatorPreyVisualizer.csproj", "{D97ED69A-8F8E-44F9-9D5D-861E13D3CE9B}"
EndProject
Project("{9A19103F-16F7-4668-BE54-9A1E7A4F7556}") = "NeuralNet", "NeuralNet\NeuralNet.csproj", "{F39EFE8E-6DC8-4824-BC2D-D2E0E62948B6}"
EndProject
Project("{9A19103F-16F7-4668-BE54-9A1E7A4F7556}") = "MotionVisualizer", "MotionVisualizer\MotionVisualizer.csproj", "{4A6D0E25-DCA8-4CC9-B79A-2CA0D527E891}"
EndProject
Project("{9A19103F-16F7-4668-BE54-9A1E7A4F7556}") = "GraphData", "GraphData\GraphData.csproj", "{DDA425CD-CAB6-4B93-A9B1-788839833AFF}"
EndProject
Project("{9A19103F-16F7-4668-BE54-9A1E7A4F7556}") = "GraphControl", "GraphControl\GraphControl.csproj", "{B1DD5088-49D8-4776-9F9F-F9FF521B286E}"
EndProject
Project("{9A19103F-16F7-4668-BE54-9A1E7A4F7556}") = "Geometry", "Geometry\Geometry.csproj", "{60A4D832-6FE9-45D1-92AF-D34724E67EC0}"
EndProject
Project("{9A19103F-16F7-4668-BE54-9A1E7A4F7556}") = "DongUtility", "DongUtility\DongUtility.csproj", "{01A2C649-B6C7-4322-A710-A8AA7D3B7DD5}"
EndProject
Project("{9A19103F-16F7-4668-BE54-9A1E7A4F7556}") = "ArenaVisualizer", "ArenaVisualizer\ArenaVisualizer.csproj", "{F404711C-1DED-4327-85B5-2B28CE7AD02E}"
EndProject
Project("{9A19103F-16F7-4668-BE54-9A1E7A4F7556}") = "Arena", "Arena\Arena.csproj", "{980AB289-5818-4059-ABE4-3ED48B78CDCD}"
EndProject
Project("{2150E333-8FDC-42A3-9474-1A3956D46DE8}") = "Framework", "Framework", "{437154D8-7ECE-473A-855F-1F927B809FE8}"
EndProject
Global
	GlobalSection(SolutionConfigurationPlatforms) = preSolution
		Debug|Any CPU = Debug|Any CPU
		Release|Any CPU = Release|Any CPU
	EndGlobalSection
	GlobalSection(ProjectConfigurationPlatforms) = postSolution
		{DF1C78C9-5C1A-4524-8B34-CD959D144ACE}.Debug|Any CPU.ActiveCfg = Debug|Any CPU
		{DF1C78C9-5C1A-4524-8B34-CD959D144ACE}.Debug|Any CPU.Build.0 = Debug|Any CPU
		{DF1C78C9-5C1A-4524-8B34-CD959D144ACE}.Release|Any CPU.ActiveCfg = Release|Any CPU
		{DF1C78C9-5C1A-4524-8B34-CD959D144ACE}.Release|Any CPU.Build.0 = Release|Any CPU
		{59052C21-31F0-4DA5-A8B7-C45A41729E11}.Debug|Any CPU.ActiveCfg = Debug|Any CPU
		{59052C21-31F0-4DA5-A8B7-C45A41729E11}.Debug|Any CPU.Build.0 = Debug|Any CPU
		{59052C21-31F0-4DA5-A8B7-C45A41729E11}.Release|Any CPU.ActiveCfg = Release|Any CPU
		{59052C21-31F0-4DA5-A8B7-C45A41729E11}.Release|Any CPU.Build.0 = Release|Any CPU
		{F83C3822-2994-46AD-AA0A-94C9AB745D9F}.Debug|Any CPU.ActiveCfg = Debug|Any CPU
		{F83C3822-2994-46AD-AA0A-94C9AB745D9F}.Debug|Any CPU.Build.0 = Debug|Any CPU
		{F83C3822-2994-46AD-AA0A-94C9AB745D9F}.Release|Any CPU.ActiveCfg = Release|Any CPU
		{F83C3822-2994-46AD-AA0A-94C9AB745D9F}.Release|Any CPU.Build.0 = Release|Any CPU
		{D97ED69A-8F8E-44F9-9D5D-861E13D3CE9B}.Debug|Any CPU.ActiveCfg = Debug|Any CPU
		{D97ED69A-8F8E-44F9-9D5D-861E13D3CE9B}.Debug|Any CPU.Build.0 = Debug|Any CPU
		{D97ED69A-8F8E-44F9-9D5D-861E13D3CE9B}.Release|Any CPU.ActiveCfg = Release|Any CPU
		{D97ED69A-8F8E-44F9-9D5D-861E13D3CE9B}.Release|Any CPU.Build.0 = Release|Any CPU
		{F39EFE8E-6DC8-4824-BC2D-D2E0E62948B6}.Debug|Any CPU.ActiveCfg = Debug|Any CPU
		{F39EFE8E-6DC8-4824-BC2D-D2E0E62948B6}.Debug|Any CPU.Build.0 = Debug|Any CPU
		{F39EFE8E-6DC8-4824-BC2D-D2E0E62948B6}.Release|Any CPU.ActiveCfg = Release|Any CPU
		{F39EFE8E-6DC8-4824-BC2D-D2E0E62948B6}.Release|Any CPU.Build.0 = Release|Any CPU
		{4A6D0E25-DCA8-4CC9-B79A-2CA0D527E891}.Debug|Any CPU.ActiveCfg = Debug|Any CPU
		{4A6D0E25-DCA8-4CC9-B79A-2CA0D527E891}.Debug|Any CPU.Build.0 = Debug|Any CPU
		{4A6D0E25-DCA8-4CC9-B79A-2CA0D527E891}.Release|Any CPU.ActiveCfg = Release|Any CPU
		{4A6D0E25-DCA8-4CC9-B79A-2CA0D527E891}.Release|Any CPU.Build.0 = Release|Any CPU
		{DDA425CD-CAB6-4B93-A9B1-788839833AFF}.Debug|Any CPU.ActiveCfg = Debug|Any CPU
		{DDA425CD-CAB6-4B93-A9B1-788839833AFF}.Debug|Any CPU.Build.0 = Debug|Any CPU
		{DDA425CD-CAB6-4B93-A9B1-788839833AFF}.Release|Any CPU.ActiveCfg = Release|Any CPU
		{DDA425CD-CAB6-4B93-A9B1-788839833AFF}.Release|Any CPU.Build.0 = Release|Any CPU
		{B1DD5088-49D8-4776-9F9F-F9FF521B286E}.Debug|Any CPU.ActiveCfg = Debug|Any CPU
		{B1DD5088-49D8-4776-9F9F-F9FF521B286E}.Debug|Any CPU.Build.0 = Debug|Any CPU
		{B1DD5088-49D8-4776-9F9F-F9FF521B286E}.Release|Any CPU.ActiveCfg = Release|Any CPU
		{B1DD5088-49D8-4776-9F9F-F9FF521B286E}.Release|Any CPU.Build.0 = Release|Any CPU
		{60A4D832-6FE9-45D1-92AF-D34724E67EC0}.Debug|Any CPU.ActiveCfg = Debug|Any CPU
		{60A4D832-6FE9-45D1-92AF-D34724E67EC0}.Debug|Any CPU.Build.0 = Debug|Any CPU
		{60A4D832-6FE9-45D1-92AF-D34724E67EC0}.Release|Any CPU.ActiveCfg = Release|Any CPU
		{60A4D832-6FE9-45D1-92AF-D34724E67EC0}.Release|Any CPU.Build.0 = Release|Any CPU
		{01A2C649-B6C7-4322-A710-A8AA7D3B7DD5}.Debug|Any CPU.ActiveCfg = Debug|Any CPU
		{01A2C649-B6C7-4322-A710-A8AA7D3B7DD5}.Debug|Any CPU.Build.0 = Debug|Any CPU
		{01A2C649-B6C7-4322-A710-A8AA7D3B7DD5}.Release|Any CPU.ActiveCfg = Release|Any CPU
		{01A2C649-B6C7-4322-A710-A8AA7D3B7DD5}.Release|Any CPU.Build.0 = Release|Any CPU
		{F404711C-1DED-4327-85B5-2B28CE7AD02E}.Debug|Any CPU.ActiveCfg = Debug|Any CPU
		{F404711C-1DED-4327-85B5-2B28CE7AD02E}.Debug|Any CPU.Build.0 = Debug|Any CPU
		{F404711C-1DED-4327-85B5-2B28CE7AD02E}.Release|Any CPU.ActiveCfg = Release|Any CPU
		{F404711C-1DED-4327-85B5-2B28CE7AD02E}.Release|Any CPU.Build.0 = Release|Any CPU
		{980AB289-5818-4059-ABE4-3ED48B78CDCD}.Debug|Any CPU.ActiveCfg = Debug|Any CPU
		{980AB289-5818-4059-ABE4-3ED48B78CDCD}.Debug|Any CPU.Build.0 = Debug|Any CPU
		{980AB289-5818-4059-ABE4-3ED48B78CDCD}.Release|Any CPU.ActiveCfg = Release|Any CPU
		{980AB289-5818-4059-ABE4-3ED48B78CDCD}.Release|Any CPU.Build.0 = Release|Any CPU
	EndGlobalSection
	GlobalSection(SolutionProperties) = preSolution
		HideSolutionNode = FALSE
	EndGlobalSection
	GlobalSection(NestedProjects) = preSolution
		{DF1C78C9-5C1A-4524-8B34-CD959D144ACE} = {437154D8-7ECE-473A-855F-1F927B809FE8}
		{59052C21-31F0-4DA5-A8B7-C45A41729E11} = {437154D8-7ECE-473A-855F-1F927B809FE8}
		{F83C3822-2994-46AD-AA0A-94C9AB745D9F} = {437154D8-7ECE-473A-855F-1F927B809FE8}
		{4A6D0E25-DCA8-4CC9-B79A-2CA0D527E891} = {437154D8-7ECE-473A-855F-1F927B809FE8}
		{DDA425CD-CAB6-4B93-A9B1-788839833AFF} = {437154D8-7ECE-473A-855F-1F927B809FE8}
		{B1DD5088-49D8-4776-9F9F-F9FF521B286E} = {437154D8-7ECE-473A-855F-1F927B809FE8}
		{60A4D832-6FE9-45D1-92AF-D34724E67EC0} = {437154D8-7ECE-473A-855F-1F927B809FE8}
		{01A2C649-B6C7-4322-A710-A8AA7D3B7DD5} = {437154D8-7ECE-473A-855F-1F927B809FE8}
		{F404711C-1DED-4327-85B5-2B28CE7AD02E} = {437154D8-7ECE-473A-855F-1F927B809FE8}
		{980AB289-5818-4059-ABE4-3ED48B78CDCD} = {437154D8-7ECE-473A-855F-1F927B809FE8}
	EndGlobalSection
	GlobalSection(ExtensibilityGlobals) = postSolution
		SolutionGuid = {66967666-872C-4793-9EC3-9B578775696C}
	EndGlobalSection
EndGlobal
